
Microsoft Visual Studio Solution File, Format Version 12.00
# Visual Studio Version 17
VisualStudioVersion = 17.11.35312.102
MinimumVisualStudioVersion = 10.0.40219.1
Project("{FAE04EC0-301F-11D3-BF4B-00C04F79EFBC}") = "WindowsFormsTest", "WindowsFormsTest.csproj", "{7701BBF7-D88A-4A81-B4AF-7888957EDA93}"
EndProject
Global
	GlobalSection(SolutionConfigurationPlatforms) = preSolution
		Debug|Any CPU = Debug|Any CPU
		Release|Any CPU = Release|Any CPU
	EndGlobalSection
	GlobalSection(ProjectConfigurationPlatforms) = postSolution
		{7701BBF7-D88A-4A81-B4AF-7888957EDA93}.Debug|Any CPU.ActiveCfg = Debug|Any CPU
		{7701BBF7-D88A-4A81-B4AF-7888957EDA93}.Debug|Any CPU.Build.0 = Debug|Any CPU
		{7701BBF7-D88A-4A81-B4AF-7888957EDA93}.Release|Any CPU.ActiveCfg = Release|Any CPU
		{7701BBF7-D88A-4A81-B4AF-7888957EDA93}.Release|Any CPU.Build.0 = Release|Any CPU
	EndGlobalSection
	GlobalSection(SolutionProperties) = preSolution
		HideSolutionNode = FALSE
	EndGlobalSection
	GlobalSection(ExtensibilityGlobals) = postSolution
		SolutionGuid = {C689F19E-9C64-44BD-8502-B2B21A132714}
	EndGlobalSection
EndGlobal
